
Microsoft Visual Studio Solution File, Format Version 12.00
# Visual Studio Version 16
VisualStudioVersion = 16.0.30717.126
MinimumVisualStudioVersion = 10.0.40219.1
Project("{FAE04EC0-301F-11D3-BF4B-00C04F79EFBC}") = "ConsoleApp1", "ConsoleApp1\ConsoleApp1.csproj", "{E26D0B33-2F2E-4504-8D13-B96BFF70EFB4}"
EndProject
Global
	GlobalSection(SolutionConfigurationPlatforms) = preSolution
		Debug|Any CPU = Debug|Any CPU
		Release|Any CPU = Release|Any CPU
	EndGlobalSection
	GlobalSection(ProjectConfigurationPlatforms) = postSolution
		{E26D0B33-2F2E-4504-8D13-B96BFF70EFB4}.Debug|Any CPU.ActiveCfg = Debug|Any CPU
		{E26D0B33-2F2E-4504-8D13-B96BFF70EFB4}.Debug|Any CPU.Build.0 = Debug|Any CPU
		{E26D0B33-2F2E-4504-8D13-B96BFF70EFB4}.Release|Any CPU.ActiveCfg = Release|Any CPU
		{E26D0B33-2F2E-4504-8D13-B96BFF70EFB4}.Release|Any CPU.Build.0 = Release|Any CPU
	EndGlobalSection
	GlobalSection(SolutionProperties) = preSolution
		HideSolutionNode = FALSE
	EndGlobalSection
	GlobalSection(ExtensibilityGlobals) = postSolution
		SolutionGuid = {C7241E9F-01A4-490B-B1EC-8B1C2A05EFC2}
	EndGlobalSection
EndGlobal
